
Microsoft Visual Studio Solution File, Format Version 12.00
# Visual Studio 15
VisualStudioVersion = 15.0.28307.1433
MinimumVisualStudioVersion = 10.0.40219.1
Project("{FAE04EC0-301F-11D3-BF4B-00C04F79EFBC}") = "GeoCodingService", "GeoCodingService\GeoCodingService.csproj", "{C626525B-ECB8-4470-A79B-2C1978B39B0D}"
EndProject
Project("{54435603-DBB4-11D2-8724-00A0C9A8B90C}") = "GeoCodingSetup", "GeoCodingSetup\GeoCodingSetup.vdproj", "{14246DCC-D1DD-49B4-8A4B-D67FB49429FD}"
EndProject
Global
	GlobalSection(SolutionConfigurationPlatforms) = preSolution
		Debug|Any CPU = Debug|Any CPU
		Release|Any CPU = Release|Any CPU
	EndGlobalSection
	GlobalSection(ProjectConfigurationPlatforms) = postSolution
		{C626525B-ECB8-4470-A79B-2C1978B39B0D}.Debug|Any CPU.ActiveCfg = Debug|Any CPU
		{C626525B-ECB8-4470-A79B-2C1978B39B0D}.Debug|Any CPU.Build.0 = Debug|Any CPU
		{C626525B-ECB8-4470-A79B-2C1978B39B0D}.Release|Any CPU.ActiveCfg = Release|Any CPU
		{C626525B-ECB8-4470-A79B-2C1978B39B0D}.Release|Any CPU.Build.0 = Release|Any CPU
		{14246DCC-D1DD-49B4-8A4B-D67FB49429FD}.Debug|Any CPU.ActiveCfg = Debug
		{14246DCC-D1DD-49B4-8A4B-D67FB49429FD}.Release|Any CPU.ActiveCfg = Release
	EndGlobalSection
	GlobalSection(SolutionProperties) = preSolution
		HideSolutionNode = FALSE
	EndGlobalSection
	GlobalSection(ExtensibilityGlobals) = postSolution
		SolutionGuid = {E714014C-9DA3-42D5-982E-5F149ACABE6B}
	EndGlobalSection
EndGlobal
